Microsoft Visual Studio Solution File, Format Version 12.00
# Visual Studio Version 17
VisualStudioVersion = 17.5.2.0
MinimumVisualStudioVersion = 10.0.40219.1
Project("{FAE04EC0-301F-11D3-BF4B-00C04F79EFBC}") = "FlashcardApplicationServer", "FlashcardApplicationServer.csproj", "{8097D806-E2C2-7335-DFBD-5D4C733681B6}"
EndProject
Global
	GlobalSection(SolutionConfigurationPlatforms) = preSolution
		Debug|Any CPU = Debug|Any CPU
		Release|Any CPU = Release|Any CPU
	EndGlobalSection
	GlobalSection(ProjectConfigurationPlatforms) = postSolution
		{8097D806-E2C2-7335-DFBD-5D4C733681B6}.Debug|Any CPU.ActiveCfg = Debug|Any CPU
		{8097D806-E2C2-7335-DFBD-5D4C733681B6}.Debug|Any CPU.Build.0 = Debug|Any CPU
		{8097D806-E2C2-7335-DFBD-5D4C733681B6}.Release|Any CPU.ActiveCfg = Release|Any CPU
		{8097D806-E2C2-7335-DFBD-5D4C733681B6}.Release|Any CPU.Build.0 = Release|Any CPU
	EndGlobalSection
	GlobalSection(SolutionProperties) = preSolution
		HideSolutionNode = FALSE
	EndGlobalSection
	GlobalSection(ExtensibilityGlobals) = postSolution
		SolutionGuid = {4F6329FC-8606-49E1-B299-457F7279EC1E}
	EndGlobalSection
EndGlobal
